
Microsoft Visual Studio Solution File, Format Version 12.00
# Visual Studio 15
VisualStudioVersion = 15.0.27004.2009
MinimumVisualStudioVersion = 10.0.40219.1
Project("{FAE04EC0-301F-11D3-BF4B-00C04F79EFBC}") = "HttpRequestWrapper", "HttpRequestWrapper\HttpRequestWrapper.csproj", "{63592170-FAED-4703-A0B4-ACC9B1B17823}"
EndProject
Global
	GlobalSection(SolutionConfigurationPlatforms) = preSolution
		Debug|Any CPU = Debug|Any CPU
		Release|Any CPU = Release|Any CPU
	EndGlobalSection
	GlobalSection(ProjectConfigurationPlatforms) = postSolution
		{63592170-FAED-4703-A0B4-ACC9B1B17823}.Debug|Any CPU.ActiveCfg = Debug|Any CPU
		{63592170-FAED-4703-A0B4-ACC9B1B17823}.Debug|Any CPU.Build.0 = Debug|Any CPU
		{63592170-FAED-4703-A0B4-ACC9B1B17823}.Release|Any CPU.ActiveCfg = Release|Any CPU
		{63592170-FAED-4703-A0B4-ACC9B1B17823}.Release|Any CPU.Build.0 = Release|Any CPU
	EndGlobalSection
	GlobalSection(SolutionProperties) = preSolution
		HideSolutionNode = FALSE
	EndGlobalSection
	GlobalSection(ExtensibilityGlobals) = postSolution
		SolutionGuid = {40F647C0-B96E-4551-B565-0B2A21B5B04A}
	EndGlobalSection
EndGlobal
